
Microsoft Visual Studio Solution File, Format Version 12.00
# Visual Studio Version 17
VisualStudioVersion = 17.0.31903.59
MinimumVisualStudioVersion = 10.0.40219.1
Project("{9A19103F-16F7-4668-BE54-9A1E7A4F7556}") = "WebApp", "src\WebApp\WebApp.csproj", "{718D1F42-5E1B-439D-AFD5-741EC58DD1A6}"
EndProject
Global
	GlobalSection(SolutionConfigurationPlatforms) = preSolution
		Debug|Any CPU = Debug|Any CPU
		Release|Any CPU = Release|Any CPU
	EndGlobalSection
	GlobalSection(ProjectConfigurationPlatforms) = postSolution
		{718D1F42-5E1B-439D-AFD5-741EC58DD1A6}.Debug|Any CPU.ActiveCfg = Debug|Any CPU
		{718D1F42-5E1B-439D-AFD5-741EC58DD1A6}.Debug|Any CPU.Build.0 = Debug|Any CPU
		{718D1F42-5E1B-439D-AFD5-741EC58DD1A6}.Release|Any CPU.ActiveCfg = Release|Any CPU
		{718D1F42-5E1B-439D-AFD5-741EC58DD1A6}.Release|Any CPU.Build.0 = Release|Any CPU
	EndGlobalSection
	GlobalSection(SolutionProperties) = preSolution
		HideSolutionNode = FALSE
	EndGlobalSection
	GlobalSection(ExtensibilityGlobals) = postSolution
		SolutionGuid = {34DBE098-2344-4BD8-B9EE-0E836089DE75}
	EndGlobalSection
EndGlobal
